
Microsoft Visual Studio Solution File, Format Version 12.00
# Visual Studio Version 17
VisualStudioVersion = 17.0.31903.59
MinimumVisualStudioVersion = 10.0.40219.1
Project("{2150E333-8FDC-42A3-9474-1A3956D46DE8}") = "src", "src", "{827E0CD3-B72D-47B6-A68D-7590B98EB39B}"
EndProject
Project("{FAE04EC0-301F-11D3-BF4B-00C04F79EFBC}") = "ApiGateway", "src\ApiGateway\ApiGateway.csproj", "{5B2992D1-BD6D-4C91-9076-EACA4FFC3E43}"
EndProject
Project("{FAE04EC0-301F-11D3-BF4B-00C04F79EFBC}") = "BookingService", "src\BookingService\BookingService.csproj", "{0050C889-6E7B-45AD-82F8-BEB2B72CAC0C}"
EndProject
Project("{FAE04EC0-301F-11D3-BF4B-00C04F79EFBC}") = "InventoryService", "src\InventoryService\InventoryService.csproj", "{07B11795-54AA-459E-86E8-15C631334442}"
EndProject
Project("{FAE04EC0-301F-11D3-BF4B-00C04F79EFBC}") = "PaymentService", "src\PaymentService\PaymentService.csproj", "{8DDA9A71-B14E-4D52-A2FF-DDC69BC8DEED}"
EndProject
Project("{2150E333-8FDC-42A3-9474-1A3956D46DE8}") = "tests", "tests", "{0AB3BF05-4346-4AA6-1389-037BE0695223}"
EndProject
Project("{FAE04EC0-301F-11D3-BF4B-00C04F79EFBC}") = "ApiGateway.Tests", "tests\ApiGateway.Tests\ApiGateway.Tests.csproj", "{2774AD2C-2497-4423-9A3D-1C4FF717F90B}"
EndProject
Project("{FAE04EC0-301F-11D3-BF4B-00C04F79EFBC}") = "BookingService.Tests", "tests\BookingService.Tests\BookingService.Tests.csproj", "{F57D9C54-93C6-48F3-ADDF-CE64528F08B7}"
EndProject
Project("{FAE04EC0-301F-11D3-BF4B-00C04F79EFBC}") = "InventoryService.Tests", "tests\InventoryService.Tests\InventoryService.Tests.csproj", "{68EDC34F-9622-4568-B748-FD8FB8A3036A}"
EndProject
Project("{FAE04EC0-301F-11D3-BF4B-00C04F79EFBC}") = "PaymentService.Tests", "tests\PaymentService.Tests\PaymentService.Tests.csproj", "{3524350D-E454-4563-B203-BBA34CF069A3}"
EndProject
Global
	GlobalSection(SolutionConfigurationPlatforms) = preSolution
		Debug|Any CPU = Debug|Any CPU
		Debug|x64 = Debug|x64
		Debug|x86 = Debug|x86
		Release|Any CPU = Release|Any CPU
		Release|x64 = Release|x64
		Release|x86 = Release|x86
	EndGlobalSection
	GlobalSection(ProjectConfigurationPlatforms) = postSolution
		{5B2992D1-BD6D-4C91-9076-EACA4FFC3E43}.Debug|Any CPU.ActiveCfg = Debug|Any CPU
		{5B2992D1-BD6D-4C91-9076-EACA4FFC3E43}.Debug|Any CPU.Build.0 = Debug|Any CPU
		{5B2992D1-BD6D-4C91-9076-EACA4FFC3E43}.Debug|x64.ActiveCfg = Debug|Any CPU
		{5B2992D1-BD6D-4C91-9076-EACA4FFC3E43}.Debug|x64.Build.0 = Debug|Any CPU
		{5B2992D1-BD6D-4C91-9076-EACA4FFC3E43}.Debug|x86.ActiveCfg = Debug|Any CPU
		{5B2992D1-BD6D-4C91-9076-EACA4FFC3E43}.Debug|x86.Build.0 = Debug|Any CPU
		{5B2992D1-BD6D-4C91-9076-EACA4FFC3E43}.Release|Any CPU.ActiveCfg = Release|Any CPU
		{5B2992D1-BD6D-4C91-9076-EACA4FFC3E43}.Release|Any CPU.Build.0 = Release|Any CPU
		{5B2992D1-BD6D-4C91-9076-EACA4FFC3E43}.Release|x64.ActiveCfg = Release|Any CPU
		{5B2992D1-BD6D-4C91-9076-EACA4FFC3E43}.Release|x64.Build.0 = Release|Any CPU
		{5B2992D1-BD6D-4C91-9076-EACA4FFC3E43}.Release|x86.ActiveCfg = Release|Any CPU
		{5B2992D1-BD6D-4C91-9076-EACA4FFC3E43}.Release|x86.Build.0 = Release|Any CPU
		{0050C889-6E7B-45AD-82F8-BEB2B72CAC0C}.Debug|Any CPU.ActiveCfg = Debug|Any CPU
		{0050C889-6E7B-45AD-82F8-BEB2B72CAC0C}.Debug|Any CPU.Build.0 = Debug|Any CPU
		{0050C889-6E7B-45AD-82F8-BEB2B72CAC0C}.Debug|x64.ActiveCfg = Debug|Any CPU
		{0050C889-6E7B-45AD-82F8-BEB2B72CAC0C}.Debug|x64.Build.0 = Debug|Any CPU
		{0050C889-6E7B-45AD-82F8-BEB2B72CAC0C}.Debug|x86.ActiveCfg = Debug|Any CPU
		{0050C889-6E7B-45AD-82F8-BEB2B72CAC0C}.Debug|x86.Build.0 = Debug|Any CPU
		{0050C889-6E7B-45AD-82F8-BEB2B72CAC0C}.Release|Any CPU.ActiveCfg = Release|Any CPU
		{0050C889-6E7B-45AD-82F8-BEB2B72CAC0C}.Release|Any CPU.Build.0 = Release|Any CPU
		{0050C889-6E7B-45AD-82F8-BEB2B72CAC0C}.Release|x64.ActiveCfg = Release|Any CPU
		{0050C889-6E7B-45AD-82F8-BEB2B72CAC0C}.Release|x64.Build.0 = Release|Any CPU
		{0050C889-6E7B-45AD-82F8-BEB2B72CAC0C}.Release|x86.ActiveCfg = Release|Any CPU
		{0050C889-6E7B-45AD-82F8-BEB2B72CAC0C}.Release|x86.Build.0 = Release|Any CPU
		{07B11795-54AA-459E-86E8-15C631334442}.Debug|Any CPU.ActiveCfg = Debug|Any CPU
		{07B11795-54AA-459E-86E8-15C631334442}.Debug|Any CPU.Build.0 = Debug|Any CPU
		{07B11795-54AA-459E-86E8-15C631334442}.Debug|x64.ActiveCfg = Debug|Any CPU
		{07B11795-54AA-459E-86E8-15C631334442}.Debug|x64.Build.0 = Debug|Any CPU
		{07B11795-54AA-459E-86E8-15C631334442}.Debug|x86.ActiveCfg = Debug|Any CPU
		{07B11795-54AA-459E-86E8-15C631334442}.Debug|x86.Build.0 = Debug|Any CPU
		{07B11795-54AA-459E-86E8-15C631334442}.Release|Any CPU.ActiveCfg = Release|Any CPU
		{07B11795-54AA-459E-86E8-15C631334442}.Release|Any CPU.Build.0 = Release|Any CPU
		{07B11795-54AA-459E-86E8-15C631334442}.Release|x64.ActiveCfg = Release|Any CPU
		{07B11795-54AA-459E-86E8-15C631334442}.Release|x64.Build.0 = Release|Any CPU
		{07B11795-54AA-459E-86E8-15C631334442}.Release|x86.ActiveCfg = Release|Any CPU
		{07B11795-54AA-459E-86E8-15C631334442}.Release|x86.Build.0 = Release|Any CPU
		{8DDA9A71-B14E-4D52-A2FF-DDC69BC8DEED}.Debug|Any CPU.ActiveCfg = Debug|Any CPU
		{8DDA9A71-B14E-4D52-A2FF-DDC69BC8DEED}.Debug|Any CPU.Build.0 = Debug|Any CPU
		{8DDA9A71-B14E-4D52-A2FF-DDC69BC8DEED}.Debug|x64.ActiveCfg = Debug|Any CPU
		{8DDA9A71-B14E-4D52-A2FF-DDC69BC8DEED}.Debug|x64.Build.0 = Debug|Any CPU
		{8DDA9A71-B14E-4D52-A2FF-DDC69BC8DEED}.Debug|x86.ActiveCfg = Debug|Any CPU
		{8DDA9A71-B14E-4D52-A2FF-DDC69BC8DEED}.Debug|x86.Build.0 = Debug|Any CPU
		{8DDA9A71-B14E-4D52-A2FF-DDC69BC8DEED}.Release|Any CPU.ActiveCfg = Release|Any CPU
		{8DDA9A71-B14E-4D52-A2FF-DDC69BC8DEED}.Release|Any CPU.Build.0 = Release|Any CPU
		{8DDA9A71-B14E-4D52-A2FF-DDC69BC8DEED}.Release|x64.ActiveCfg = Release|Any CPU
		{8DDA9A71-B14E-4D52-A2FF-DDC69BC8DEED}.Release|x64.Build.0 = Release|Any CPU
		{8DDA9A71-B14E-4D52-A2FF-DDC69BC8DEED}.Release|x86.ActiveCfg = Release|Any CPU
		{8DDA9A71-B14E-4D52-A2FF-DDC69BC8DEED}.Release|x86.Build.0 = Release|Any CPU
		{2774AD2C-2497-4423-9A3D-1C4FF717F90B}.Debug|Any CPU.ActiveCfg = Debug|Any CPU
		{2774AD2C-2497-4423-9A3D-1C4FF717F90B}.Debug|Any CPU.Build.0 = Debug|Any CPU
		{2774AD2C-2497-4423-9A3D-1C4FF717F90B}.Debug|x64.ActiveCfg = Debug|Any CPU
		{2774AD2C-2497-4423-9A3D-1C4FF717F90B}.Debug|x64.Build.0 = Debug|Any CPU
		{2774AD2C-2497-4423-9A3D-1C4FF717F90B}.Debug|x86.ActiveCfg = Debug|Any CPU
		{2774AD2C-2497-4423-9A3D-1C4FF717F90B}.Debug|x86.Build.0 = Debug|Any CPU
		{2774AD2C-2497-4423-9A3D-1C4FF717F90B}.Release|Any CPU.ActiveCfg = Release|Any CPU
		{2774AD2C-2497-4423-9A3D-1C4FF717F90B}.Release|Any CPU.Build.0 = Release|Any CPU
		{2774AD2C-2497-4423-9A3D-1C4FF717F90B}.Release|x64.ActiveCfg = Release|Any CPU
		{2774AD2C-2497-4423-9A3D-1C4FF717F90B}.Release|x64.Build.0 = Release|Any CPU
		{2774AD2C-2497-4423-9A3D-1C4FF717F90B}.Release|x86.ActiveCfg = Release|Any CPU
		{2774AD2C-2497-4423-9A3D-1C4FF717F90B}.Release|x86.Build.0 = Release|Any CPU
		{F57D9C54-93C6-48F3-ADDF-CE64528F08B7}.Debug|Any CPU.ActiveCfg = Debug|Any CPU
		{F57D9C54-93C6-48F3-ADDF-CE64528F08B7}.Debug|Any CPU.Build.0 = Debug|Any CPU
		{F57D9C54-93C6-48F3-ADDF-CE64528F08B7}.Debug|x64.ActiveCfg = Debug|Any CPU
		{F57D9C54-93C6-48F3-ADDF-CE64528F08B7}.Debug|x64.Build.0 = Debug|Any CPU
		{F57D9C54-93C6-48F3-ADDF-CE64528F08B7}.Debug|x86.ActiveCfg = Debug|Any CPU
		{F57D9C54-93C6-48F3-ADDF-CE64528F08B7}.Debug|x86.Build.0 = Debug|Any CPU
		{F57D9C54-93C6-48F3-ADDF-CE64528F08B7}.Release|Any CPU.ActiveCfg = Release|Any CPU
		{F57D9C54-93C6-48F3-ADDF-CE64528F08B7}.Release|Any CPU.Build.0 = Release|Any CPU
		{F57D9C54-93C6-48F3-ADDF-CE64528F08B7}.Release|x64.ActiveCfg = Release|Any CPU
		{F57D9C54-93C6-48F3-ADDF-CE64528F08B7}.Release|x64.Build.0 = Release|Any CPU
		{F57D9C54-93C6-48F3-ADDF-CE64528F08B7}.Release|x86.ActiveCfg = Release|Any CPU
		{F57D9C54-93C6-48F3-ADDF-CE64528F08B7}.Release|x86.Build.0 = Release|Any CPU
		{68EDC34F-9622-4568-B748-FD8FB8A3036A}.Debug|Any CPU.ActiveCfg = Debug|Any CPU
		{68EDC34F-9622-4568-B748-FD8FB8A3036A}.Debug|Any CPU.Build.0 = Debug|Any CPU
		{68EDC34F-9622-4568-B748-FD8FB8A3036A}.Debug|x64.ActiveCfg = Debug|Any CPU
		{68EDC34F-9622-4568-B748-FD8FB8A3036A}.Debug|x64.Build.0 = Debug|Any CPU
		{68EDC34F-9622-4568-B748-FD8FB8A3036A}.Debug|x86.ActiveCfg = Debug|Any CPU
		{68EDC34F-9622-4568-B748-FD8FB8A3036A}.Debug|x86.Build.0 = Debug|Any CPU
		{68EDC34F-9622-4568-B748-FD8FB8A3036A}.Release|Any CPU.ActiveCfg = Release|Any CPU
		{68EDC34F-9622-4568-B748-FD8FB8A3036A}.Release|Any CPU.Build.0 = Release|Any CPU
		{68EDC34F-9622-4568-B748-FD8FB8A3036A}.Release|x64.ActiveCfg = Release|Any CPU
		{68EDC34F-9622-4568-B748-FD8FB8A3036A}.Release|x64.Build.0 = Release|Any CPU
		{68EDC34F-9622-4568-B748-FD8FB8A3036A}.Release|x86.ActiveCfg = Release|Any CPU
		{68EDC34F-9622-4568-B748-FD8FB8A3036A}.Release|x86.Build.0 = Release|Any CPU
		{3524350D-E454-4563-B203-BBA34CF069A3}.Debug|Any CPU.ActiveCfg = Debug|Any CPU
		{3524350D-E454-4563-B203-BBA34CF069A3}.Debug|Any CPU.Build.0 = Debug|Any CPU
		{3524350D-E454-4563-B203-BBA34CF069A3}.Debug|x64.ActiveCfg = Debug|Any CPU
		{3524350D-E454-4563-B203-BBA34CF069A3}.Debug|x64.Build.0 = Debug|Any CPU
		{3524350D-E454-4563-B203-BBA34CF069A3}.Debug|x86.ActiveCfg = Debug|Any CPU
		{3524350D-E454-4563-B203-BBA34CF069A3}.Debug|x86.Build.0 = Debug|Any CPU
		{3524350D-E454-4563-B203-BBA34CF069A3}.Release|Any CPU.ActiveCfg = Release|Any CPU
		{3524350D-E454-4563-B203-BBA34CF069A3}.Release|Any CPU.Build.0 = Release|Any CPU
		{3524350D-E454-4563-B203-BBA34CF069A3}.Release|x64.ActiveCfg = Release|Any CPU
		{3524350D-E454-4563-B203-BBA34CF069A3}.Release|x64.Build.0 = Release|Any CPU
		{3524350D-E454-4563-B203-BBA34CF069A3}.Release|x86.ActiveCfg = Release|Any CPU
		{3524350D-E454-4563-B203-BBA34CF069A3}.Release|x86.Build.0 = Release|Any CPU
	EndGlobalSection
	GlobalSection(SolutionProperties) = preSolution
		HideSolutionNode = FALSE
	EndGlobalSection
	GlobalSection(NestedProjects) = preSolution
		{5B2992D1-BD6D-4C91-9076-EACA4FFC3E43} = {827E0CD3-B72D-47B6-A68D-7590B98EB39B}
		{0050C889-6E7B-45AD-82F8-BEB2B72CAC0C} = {827E0CD3-B72D-47B6-A68D-7590B98EB39B}
		{07B11795-54AA-459E-86E8-15C631334442} = {827E0CD3-B72D-47B6-A68D-7590B98EB39B}
		{8DDA9A71-B14E-4D52-A2FF-DDC69BC8DEED} = {827E0CD3-B72D-47B6-A68D-7590B98EB39B}
		{2774AD2C-2497-4423-9A3D-1C4FF717F90B} = {0AB3BF05-4346-4AA6-1389-037BE0695223}
		{F57D9C54-93C6-48F3-ADDF-CE64528F08B7} = {0AB3BF05-4346-4AA6-1389-037BE0695223}
		{68EDC34F-9622-4568-B748-FD8FB8A3036A} = {0AB3BF05-4346-4AA6-1389-037BE0695223}
		{3524350D-E454-4563-B203-BBA34CF069A3} = {0AB3BF05-4346-4AA6-1389-037BE0695223}
	EndGlobalSection
EndGlobal
